
Microsoft Visual Studio Solution File, Format Version 12.00
# Visual Studio Version 17
VisualStudioVersion = 17.7.34031.279
MinimumVisualStudioVersion = 10.0.40219.1
Project("{8BC9CEB8-8B4A-11D0-8D11-00A0C91BC942}") = "Project4.4", "Project4.4\Project4.4.vcxproj", "{917ED39E-CBAD-450B-8CBF-384ED195DDD6}"
EndProject
Global
	GlobalSection(SolutionConfigurationPlatforms) = preSolution
		Debug|x64 = Debug|x64
		Debug|x86 = Debug|x86
		Release|x64 = Release|x64
		Release|x86 = Release|x86
	EndGlobalSection
	GlobalSection(ProjectConfigurationPlatforms) = postSolution
		{917ED39E-CBAD-450B-8CBF-384ED195DDD6}.Debug|x64.ActiveCfg = Debug|x64
		{917ED39E-CBAD-450B-8CBF-384ED195DDD6}.Debug|x64.Build.0 = Debug|x64
		{917ED39E-CBAD-450B-8CBF-384ED195DDD6}.Debug|x86.ActiveCfg = Debug|Win32
		{917ED39E-CBAD-450B-8CBF-384ED195DDD6}.Debug|x86.Build.0 = Debug|Win32
		{917ED39E-CBAD-450B-8CBF-384ED195DDD6}.Release|x64.ActiveCfg = Release|x64
		{917ED39E-CBAD-450B-8CBF-384ED195DDD6}.Release|x64.Build.0 = Release|x64
		{917ED39E-CBAD-450B-8CBF-384ED195DDD6}.Release|x86.ActiveCfg = Release|Win32
		{917ED39E-CBAD-450B-8CBF-384ED195DDD6}.Release|x86.Build.0 = Release|Win32
	EndGlobalSection
	GlobalSection(SolutionProperties) = preSolution
		HideSolutionNode = FALSE
	EndGlobalSection
	GlobalSection(ExtensibilityGlobals) = postSolution
		SolutionGuid = {3D867F75-21CC-4E99-898E-680798239BDE}
	EndGlobalSection
EndGlobal
